{
  "version": 4,
  "terraform_version": "1.7.3",
  "serial": 14,
  "lineage": "96685afb-ed4f-f89f-142f-693dab77155c",
  "outputs": {
    "azurerm_linux_web_app": {
      "value": "hristobogdanovurlshorteneralwa.azurewebsites.net",
      "type": "string"
    },
    "webapp_ips": {
      "value": "4.175.0.249,4.175.1.22,4.175.1.104,4.175.1.133,4.175.1.135,4.175.1.137,20.103.18.63,20.23.161.189,20.23.162.156,20.23.163.101,20.23.163.245,20.23.164.136,20.105.232.41",
      "type": "string"
    }
  },
  "resources": [
    {
      "mode": "managed",
      "type": "azurerm_app_service_source_control",
      "name": "softunibazar",
      "provider": "provider[\"registry.terraform.io/hashicorp/azurerm\"]",
      "instances": [
        {
          "schema_version": 0,
          "attributes": {
            "app_id": "/subscriptions/755e3df9-1c80-4b40-88e3-cb62a0d1cca9/resourceGroups/hristobogdanov_urlshortener_rg/providers/Microsoft.Web/sites/hristobogdanovurlshorteneralwa",
            "branch": "main",
            "github_action_configuration": [],
            "id": "/subscriptions/755e3df9-1c80-4b40-88e3-cb62a0d1cca9/resourceGroups/hristobogdanov_urlshortener_rg/providers/Microsoft.Web/sites/hristobogdanovurlshorteneralwa",
            "repo_url": "https://github.com/HristoBogdanov/URL_Shortener",
            "rollback_enabled": false,
            "scm_type": "ExternalGit",
            "timeouts": null,
            "use_local_git": false,
            "use_manual_integration": true,
            "use_mercurial": false,
            "uses_github_action": false
          },
          "sensitive_attributes": [],
          "private": "eyJlMmJmYjczMC1lY2FhLTExZTYtOGY4OC0zNDM2M2JjN2M0YzAiOnsiY3JlYXRlIjoxODAwMDAwMDAwMDAwLCJkZWxldGUiOjE4MDAwMDAwMDAwMDAsInJlYWQiOjMwMDAwMDAwMDAwMH19",
          "dependencies": [
            "azurerm_linux_web_app.alwa",
            "azurerm_mssql_database.database",
            "azurerm_mssql_server.sqlserver",
            "azurerm_resource_group.rg",
            "azurerm_service_plan.asp"
          ]
        }
      ]
    },
    {
      "mode": "managed",
      "type": "azurerm_linux_web_app",
      "name": "alwa",
      "provider": "provider[\"registry.terraform.io/hashicorp/azurerm\"]",
      "instances": [
        {
          "schema_version": 1,
          "attributes": {
            "app_settings": null,
            "auth_settings": [],
            "auth_settings_v2": [],
            "backup": [],
            "client_affinity_enabled": false,
            "client_certificate_enabled": false,
            "client_certificate_exclusion_paths": "",
            "client_certificate_mode": "Required",
            "connection_string": [
              {
                "name": "DefaultConnection",
                "type": "SQLAzure",
                "value": "Data Source=tcp:hristobogdanovsqlserver.database.windows.net,1433;Initial Catalog=urls;User ID=testuser1;Password=myStrongPassword12#;Trusted_Connection=False; MultipleActiveResultSets=True;"
              }
            ],
            "custom_domain_verification_id": "A285BE4EBE6D180BC576DC31AC242953A4A20E3599156784FC7D792CF094F63D",
            "default_hostname": "hristobogdanovurlshorteneralwa.azurewebsites.net",
            "enabled": true,
            "ftp_publish_basic_authentication_enabled": true,
            "hosting_environment_id": "",
            "https_only": false,
            "id": "/subscriptions/755e3df9-1c80-4b40-88e3-cb62a0d1cca9/resourceGroups/hristobogdanov_urlshortener_rg/providers/Microsoft.Web/sites/hristobogdanovurlshorteneralwa",
            "identity": [],
            "key_vault_reference_identity_id": "SystemAssigned",
            "kind": "app,linux",
            "location": "westeurope",
            "logs": [],
            "name": "hristobogdanovurlshorteneralwa",
            "outbound_ip_address_list": [
              "4.175.0.249",
              "4.175.1.22",
              "4.175.1.104",
              "4.175.1.133",
              "4.175.1.135",
              "4.175.1.137",
              "20.103.18.63",
              "20.23.161.189",
              "20.23.162.156",
              "20.23.163.101",
              "20.23.163.245",
              "20.23.164.136",
              "20.105.232.41"
            ],
            "outbound_ip_addresses": "4.175.0.249,4.175.1.22,4.175.1.104,4.175.1.133,4.175.1.135,4.175.1.137,20.103.18.63,20.23.161.189,20.23.162.156,20.23.163.101,20.23.163.245,20.23.164.136,20.105.232.41",
            "possible_outbound_ip_address_list": [
              "4.175.0.249",
              "4.175.1.22",
              "4.175.1.104",
              "4.175.1.133",
              "4.175.1.135",
              "4.175.1.137",
              "20.103.18.63",
              "20.23.161.189",
              "20.23.162.156",
              "20.23.163.101",
              "20.23.163.245",
              "20.23.164.136",
              "20.23.166.212",
              "20.4.153.200",
              "20.4.157.103",
              "20.4.157.242",
              "20.4.158.27",
              "20.4.158.67",
              "20.4.158.224",
              "20.4.159.34",
              "20.4.159.50",
              "20.4.159.223",
              "4.175.0.174",
              "4.175.0.188",
              "4.175.0.249",
              "4.175.1.22",
              "4.175.1.104",
              "4.175.1.133",
              "4.175.1.135",
              "4.175.1.137",
              "4.175.1.219",
              "4.175.2.19",
              "4.175.2.28",
              "4.175.2.30",
              "4.175.2.33",
              "4.175.2.41",
              "20.105.232.41"
            ],
            "possible_outbound_ip_addresses": "4.175.0.249,4.175.1.22,4.175.1.104,4.175.1.133,4.175.1.135,4.175.1.137,20.103.18.63,20.23.161.189,20.23.162.156,20.23.163.101,20.23.163.245,20.23.164.136,20.23.166.212,20.4.153.200,20.4.157.103,20.4.157.242,20.4.158.27,20.4.158.67,20.4.158.224,20.4.159.34,20.4.159.50,20.4.159.223,4.175.0.174,4.175.0.188,4.175.0.249,4.175.1.22,4.175.1.104,4.175.1.133,4.175.1.135,4.175.1.137,4.175.1.219,4.175.2.19,4.175.2.28,4.175.2.30,4.175.2.33,4.175.2.41,20.105.232.41",
            "public_network_access_enabled": true,
            "resource_group_name": "hristobogdanov_urlshortener_rg",
            "service_plan_id": "/subscriptions/755e3df9-1c80-4b40-88e3-cb62a0d1cca9/resourceGroups/hristobogdanov_urlshortener_rg/providers/Microsoft.Web/serverFarms/hristobogdanovurlshortenerasp",
            "site_config": [
              {
                "always_on": false,
                "api_definition_url": "",
                "api_management_api_id": "",
                "app_command_line": "",
                "application_stack": [
                  {
                    "docker_image": "",
                    "docker_image_name": "",
                    "docker_image_tag": "",
                    "docker_registry_password": "",
                    "docker_registry_url": "",
                    "docker_registry_username": "",
                    "dotnet_version": "6.0",
                    "go_version": "",
                    "java_server": "",
                    "java_server_version": "",
                    "java_version": "",
                    "node_version": "",
                    "php_version": "",
                    "python_version": "",
                    "ruby_version": ""
                  }
                ],
                "auto_heal_enabled": false,
                "auto_heal_setting": [],
                "container_registry_managed_identity_client_id": "",
                "container_registry_use_managed_identity": false,
                "cors": [],
                "default_documents": [
                  "Default.htm",
                  "Default.html",
                  "Default.asp",
                  "index.htm",
                  "index.html",
                  "iisstart.htm",
                  "default.aspx",
                  "index.php",
                  "hostingstart.html"
                ],
                "detailed_error_logging_enabled": false,
                "ftps_state": "Disabled",
                "health_check_eviction_time_in_min": 0,
                "health_check_path": "",
                "http2_enabled": false,
                "ip_restriction": [],
                "linux_fx_version": "DOTNETCORE|6.0",
                "load_balancing_mode": "LeastRequests",
                "local_mysql_enabled": false,
                "managed_pipeline_mode": "Integrated",
                "minimum_tls_version": "1.2",
                "remote_debugging_enabled": false,
                "remote_debugging_version": "VS2019",
                "scm_ip_restriction": [],
                "scm_minimum_tls_version": "1.2",
                "scm_type": "None",
                "scm_use_main_ip_restriction": false,
                "use_32_bit_worker": true,
                "vnet_route_all_enabled": false,
                "websockets_enabled": false,
                "worker_count": 1
              }
            ],
            "site_credential": [
              {
                "name": "$hristobogdanovurlshorteneralwa",
                "password": "CXm2XNNsixWZFhLysWikQcDwRxv00L5smh3bk0k1R3QpoPe3mPznhBMKziPe"
              }
            ],
            "sticky_settings": [],
            "storage_account": [],
            "tags": null,
            "timeouts": null,
            "virtual_network_subnet_id": "",
            "webdeploy_publish_basic_authentication_enabled": true,
            "zip_deploy_file": ""
          },
          "sensitive_attributes": [
            [
              {
                "type": "get_attr",
                "value": "connection_string"
              }
            ]
          ],
          "private": "eyJlMmJmYjczMC1lY2FhLTExZTYtOGY4OC0zNDM2M2JjN2M0YzAiOnsiY3JlYXRlIjoxODAwMDAwMDAwMDAwLCJkZWxldGUiOjE4MDAwMDAwMDAwMDAsInJlYWQiOjMwMDAwMDAwMDAwMCwidXBkYXRlIjoxODAwMDAwMDAwMDAwfSwic2NoZW1hX3ZlcnNpb24iOiIxIn0=",
          "dependencies": [
            "azurerm_mssql_database.database",
            "azurerm_mssql_server.sqlserver",
            "azurerm_resource_group.rg",
            "azurerm_service_plan.asp"
          ]
        }
      ]
    },
    {
      "mode": "managed",
      "type": "azurerm_mssql_database",
      "name": "database",
      "provider": "provider[\"registry.terraform.io/hashicorp/azurerm\"]",
      "instances": [
        {
          "schema_version": 1,
          "attributes": {
            "auto_pause_delay_in_minutes": 0,
            "collation": "SQL_Latin1_General_CP1_CI_AS",
            "create_mode": "Default",
            "creation_source_database_id": null,
            "elastic_pool_id": "",
            "enclave_type": "",
            "geo_backup_enabled": true,
            "id": "/subscriptions/755e3df9-1c80-4b40-88e3-cb62a0d1cca9/resourceGroups/hristobogdanov_urlshortener_rg/providers/Microsoft.Sql/servers/hristobogdanovsqlserver/databases/urls",
            "identity": [],
            "import": [],
            "ledger_enabled": false,
            "license_type": "LicenseIncluded",
            "long_term_retention_policy": [
              {
                "immutable_backups_enabled": false,
                "monthly_retention": "PT0S",
                "week_of_year": 1,
                "weekly_retention": "PT0S",
                "yearly_retention": "PT0S"
              }
            ],
            "maintenance_configuration_name": "SQL_Default",
            "max_size_gb": 2,
            "min_capacity": 0,
            "name": "urls",
            "read_replica_count": 0,
            "read_scale": false,
            "recover_database_id": null,
            "restore_dropped_database_id": null,
            "restore_point_in_time": null,
            "sample_name": null,
            "server_id": "/subscriptions/755e3df9-1c80-4b40-88e3-cb62a0d1cca9/resourceGroups/hristobogdanov_urlshortener_rg/providers/Microsoft.Sql/servers/hristobogdanovsqlserver",
            "short_term_retention_policy": [
              {
                "backup_interval_in_hours": 24,
                "retention_days": 7
              }
            ],
            "sku_name": "S0",
            "storage_account_type": "Geo",
            "tags": null,
            "threat_detection_policy": [
              {
                "disabled_alerts": [],
                "email_account_admins": "Disabled",
                "email_addresses": [],
                "retention_days": 0,
                "state": "Disabled",
                "storage_account_access_key": "",
                "storage_endpoint": ""
              }
            ],
            "timeouts": null,
            "transparent_data_encryption_enabled": true,
            "transparent_data_encryption_key_automatic_rotation_enabled": false,
            "transparent_data_encryption_key_vault_key_id": "",
            "zone_redundant": false
          },
          "sensitive_attributes": [],
          "private": "eyJlMmJmYjczMC1lY2FhLTExZTYtOGY4OC0zNDM2M2JjN2M0YzAiOnsiY3JlYXRlIjozNjAwMDAwMDAwMDAwLCJkZWxldGUiOjM2MDAwMDAwMDAwMDAsInJlYWQiOjMwMDAwMDAwMDAwMCwidXBkYXRlIjozNjAwMDAwMDAwMDAwfSwic2NoZW1hX3ZlcnNpb24iOiIxIn0=",
          "dependencies": [
            "azurerm_mssql_server.sqlserver",
            "azurerm_resource_group.rg"
          ]
        }
      ]
    },
    {
      "mode": "managed",
      "type": "azurerm_mssql_firewall_rule",
      "name": "firewall",
      "provider": "provider[\"registry.terraform.io/hashicorp/azurerm\"]",
      "instances": [
        {
          "schema_version": 0,
          "attributes": {
            "end_ip_address": "0.0.0.0",
            "id": "/subscriptions/755e3df9-1c80-4b40-88e3-cb62a0d1cca9/resourceGroups/hristobogdanov_urlshortener_rg/providers/Microsoft.Sql/servers/hristobogdanovsqlserver/firewallRules/firewall_task2",
            "name": "firewall_task2",
            "server_id": "/subscriptions/755e3df9-1c80-4b40-88e3-cb62a0d1cca9/resourceGroups/hristobogdanov_urlshortener_rg/providers/Microsoft.Sql/servers/hristobogdanovsqlserver",
            "start_ip_address": "0.0.0.0",
            "timeouts": null
          },
          "sensitive_attributes": [],
          "private": "eyJlMmJmYjczMC1lY2FhLTExZTYtOGY4OC0zNDM2M2JjN2M0YzAiOnsiY3JlYXRlIjoxODAwMDAwMDAwMDAwLCJkZWxldGUiOjE4MDAwMDAwMDAwMDAsInJlYWQiOjMwMDAwMDAwMDAwMCwidXBkYXRlIjoxODAwMDAwMDAwMDAwfX0=",
          "dependencies": [
            "azurerm_mssql_server.sqlserver",
            "azurerm_resource_group.rg"
          ]
        }
      ]
    },
    {
      "mode": "managed",
      "type": "azurerm_mssql_server",
      "name": "sqlserver",
      "provider": "provider[\"registry.terraform.io/hashicorp/azurerm\"]",
      "instances": [
        {
          "schema_version": 0,
          "attributes": {
            "administrator_login": "testuser1",
            "administrator_login_password": "myStrongPassword12#",
            "azuread_administrator": [],
            "connection_policy": "Default",
            "fully_qualified_domain_name": "hristobogdanovsqlserver.database.windows.net",
            "id": "/subscriptions/755e3df9-1c80-4b40-88e3-cb62a0d1cca9/resourceGroups/hristobogdanov_urlshortener_rg/providers/Microsoft.Sql/servers/hristobogdanovsqlserver",
            "identity": [],
            "location": "westeurope",
            "minimum_tls_version": "1.2",
            "name": "hristobogdanovsqlserver",
            "outbound_network_restriction_enabled": false,
            "primary_user_assigned_identity_id": "",
            "public_network_access_enabled": true,
            "resource_group_name": "hristobogdanov_urlshortener_rg",
            "restorable_dropped_database_ids": [],
            "tags": null,
            "timeouts": null,
            "transparent_data_encryption_key_vault_key_id": "",
            "version": "12.0"
          },
          "sensitive_attributes": [],
          "private": "eyJlMmJmYjczMC1lY2FhLTExZTYtOGY4OC0zNDM2M2JjN2M0YzAiOnsiY3JlYXRlIjozNjAwMDAwMDAwMDAwLCJkZWxldGUiOjM2MDAwMDAwMDAwMDAsInJlYWQiOjMwMDAwMDAwMDAwMCwidXBkYXRlIjozNjAwMDAwMDAwMDAwfX0=",
          "dependencies": [
            "azurerm_resource_group.rg"
          ]
        }
      ]
    },
    {
      "mode": "managed",
      "type": "azurerm_resource_group",
      "name": "rg",
      "provider": "provider[\"registry.terraform.io/hashicorp/azurerm\"]",
      "instances": [
        {
          "schema_version": 0,
          "attributes": {
            "id": "/subscriptions/755e3df9-1c80-4b40-88e3-cb62a0d1cca9/resourceGroups/hristobogdanov_urlshortener_rg",
            "location": "westeurope",
            "managed_by": "",
            "name": "hristobogdanov_urlshortener_rg",
            "tags": null,
            "timeouts": null
          },
          "sensitive_attributes": [],
          "private": "eyJlMmJmYjczMC1lY2FhLTExZTYtOGY4OC0zNDM2M2JjN2M0YzAiOnsiY3JlYXRlIjo1NDAwMDAwMDAwMDAwLCJkZWxldGUiOjU0MDAwMDAwMDAwMDAsInJlYWQiOjMwMDAwMDAwMDAwMCwidXBkYXRlIjo1NDAwMDAwMDAwMDAwfX0="
        }
      ]
    },
    {
      "mode": "managed",
      "type": "azurerm_service_plan",
      "name": "asp",
      "provider": "provider[\"registry.terraform.io/hashicorp/azurerm\"]",
      "instances": [
        {
          "schema_version": 1,
          "attributes": {
            "app_service_environment_id": "",
            "id": "/subscriptions/755e3df9-1c80-4b40-88e3-cb62a0d1cca9/resourceGroups/hristobogdanov_urlshortener_rg/providers/Microsoft.Web/serverFarms/hristobogdanovurlshortenerasp",
            "kind": "linux",
            "location": "westeurope",
            "maximum_elastic_worker_count": 1,
            "name": "hristobogdanovurlshortenerasp",
            "os_type": "Linux",
            "per_site_scaling_enabled": false,
            "reserved": true,
            "resource_group_name": "hristobogdanov_urlshortener_rg",
            "sku_name": "F1",
            "tags": null,
            "timeouts": null,
            "worker_count": 1,
            "zone_balancing_enabled": false
          },
          "sensitive_attributes": [],
          "private": "eyJlMmJmYjczMC1lY2FhLTExZTYtOGY4OC0zNDM2M2JjN2M0YzAiOnsiY3JlYXRlIjozNjAwMDAwMDAwMDAwLCJkZWxldGUiOjM2MDAwMDAwMDAwMDAsInJlYWQiOjMwMDAwMDAwMDAwMCwidXBkYXRlIjozNjAwMDAwMDAwMDAwfSwic2NoZW1hX3ZlcnNpb24iOiIxIn0=",
          "dependencies": [
            "azurerm_resource_group.rg"
          ]
        }
      ]
    }
  ],
  "check_results": null
}
